
Microsoft Visual Studio Solution File, Format Version 12.00
# Visual Studio Version 17
VisualStudioVersion = 17.13.35825.156 d17.13
MinimumVisualStudioVersion = 10.0.40219.1
Project("{FAE04EC0-301F-11D3-BF4B-00C04F79EFBC}") = "calculadora", "calculadora.csproj", "{1B440207-50D7-4F95-AE50-21C7A4E7C861}"
EndProject
Global
	GlobalSection(SolutionConfigurationPlatforms) = preSolution
		Debug|Any CPU = Debug|Any CPU
		Release|Any CPU = Release|Any CPU
	EndGlobalSection
	GlobalSection(ProjectConfigurationPlatforms) = postSolution
		{1B440207-50D7-4F95-AE50-21C7A4E7C861}.Debug|Any CPU.ActiveCfg = Debug|Any CPU
		{1B440207-50D7-4F95-AE50-21C7A4E7C861}.Debug|Any CPU.Build.0 = Debug|Any CPU
		{1B440207-50D7-4F95-AE50-21C7A4E7C861}.Release|Any CPU.ActiveCfg = Release|Any CPU
		{1B440207-50D7-4F95-AE50-21C7A4E7C861}.Release|Any CPU.Build.0 = Release|Any CPU
	EndGlobalSection
	GlobalSection(SolutionProperties) = preSolution
		HideSolutionNode = FALSE
	EndGlobalSection
	GlobalSection(ExtensibilityGlobals) = postSolution
		SolutionGuid = {ED206147-03D4-4571-9185-CE810869B02C}
	EndGlobalSection
EndGlobal
